
Microsoft Visual Studio Solution File, Format Version 12.00
# Visual Studio Version 17
VisualStudioVersion = 17.5.33516.290
MinimumVisualStudioVersion = 10.0.40219.1
Project("{FAE04EC0-301F-11D3-BF4B-00C04F79EFBC}") = "Seminar7", "Seminar7\Seminar7.csproj", "{C69E544B-9D7F-4A9B-9732-92CE4AC7C26B}"
EndProject
Global
	GlobalSection(SolutionConfigurationPlatforms) = preSolution
		Debug|Any CPU = Debug|Any CPU
		Release|Any CPU = Release|Any CPU
	EndGlobalSection
	GlobalSection(ProjectConfigurationPlatforms) = postSolution
		{C69E544B-9D7F-4A9B-9732-92CE4AC7C26B}.Debug|Any CPU.ActiveCfg = Debug|Any CPU
		{C69E544B-9D7F-4A9B-9732-92CE4AC7C26B}.Debug|Any CPU.Build.0 = Debug|Any CPU
		{C69E544B-9D7F-4A9B-9732-92CE4AC7C26B}.Release|Any CPU.ActiveCfg = Release|Any CPU
		{C69E544B-9D7F-4A9B-9732-92CE4AC7C26B}.Release|Any CPU.Build.0 = Release|Any CPU
	EndGlobalSection
	GlobalSection(SolutionProperties) = preSolution
		HideSolutionNode = FALSE
	EndGlobalSection
	GlobalSection(ExtensibilityGlobals) = postSolution
		SolutionGuid = {57C16425-102D-4022-8B78-B62E1237610B}
	EndGlobalSection
EndGlobal
